
Microsoft Visual Studio Solution File, Format Version 12.00
# Visual Studio Version 17
VisualStudioVersion = 17.13.35931.197
MinimumVisualStudioVersion = 10.0.40219.1
Project("{2150E333-8FDC-42A3-9474-1A3956D46DE8}") = "00_SolutionItems", "00_SolutionItems", "{2022CB0F-8BAF-F49E-0C48-8EF4C96EC109}"
	ProjectSection(SolutionItems) = preProject
		README.md = README.md
	EndProjectSection
EndProject
Project("{2150E333-8FDC-42A3-9474-1A3956D46DE8}") = "01_task-continuation-probe", "01_task-continuation-probe", "{DDB4EF12-CC4E-5E88-E6FC-71A802F4DE97}"
	ProjectSection(SolutionItems) = preProject
		src\task-continuation-probe\README.md = src\task-continuation-probe\README.md
		src\task-continuation-probe\README.Ultimate.md = src\task-continuation-probe\README.Ultimate.md
		src\task-continuation-probe\README.World.md = src\task-continuation-probe\README.World.md
	EndProjectSection
EndProject
Project("{FAE04EC0-301F-11D3-BF4B-00C04F79EFBC}") = "0000_Probe", "src\task-continuation-probe\Probe\0000_Probe.csproj", "{D4CBEDA7-2BDC-0002-4B1E-201CD3FB8CEE}"
EndProject
Project("{FAE04EC0-301F-11D3-BF4B-00C04F79EFBC}") = "0010_ConsoleApp_ja_JP", "src\task-continuation-probe\ConsoleApp_ja_JP\0010_ConsoleApp_ja_JP.csproj", "{8479F82D-7DFF-096E-B1FB-262A7C21F7F4}"
EndProject
Project("{FAE04EC0-301F-11D3-BF4B-00C04F79EFBC}") = "0020_ConsoleApp_en_US", "src\task-continuation-probe\ConsoleApp_en_US\0020_ConsoleApp_en_US.csproj", "{1AE5A33A-8EEB-599D-9A91-760F458DA10C}"
EndProject
Project("{2150E333-8FDC-42A3-9474-1A3956D46DE8}") = "02_ocp-oriented-tree", "02_ocp-oriented-tree", "{B9875660-A632-4304-A71D-17FDE497AE98}"
EndProject
Project("{FAE04EC0-301F-11D3-BF4B-00C04F79EFBC}") = "Core", "src\ocp-oriented-tree\Core\Core.csproj", "{A217BE26-E9B2-4D6C-9515-C3603CBDB627}"
EndProject
Project("{2150E333-8FDC-42A3-9474-1A3956D46DE8}") = "23_what-roslyn-talk-about", "23_what-roslyn-talk-about", "{4B2B0653-0608-460E-9458-301DC6DD5D58}"
EndProject
Project("{FAE04EC0-301F-11D3-BF4B-00C04F79EFBC}") = "02_Core", "src\what-roslyn-talk-about\Core\02_Core.csproj", "{F625CEB6-8BED-FEC5-47CD-9E0405636E88}"
EndProject
Project("{FAE04EC0-301F-11D3-BF4B-00C04F79EFBC}") = "04_Shell", "src\what-roslyn-talk-about\E2E\04_Shell.csproj", "{17F406FF-7163-410D-8A18-3EAE610E87BC}"
EndProject
Project("{FAE04EC0-301F-11D3-BF4B-00C04F79EFBC}") = "01_Abstractions", "src\what-roslyn-talk-about\Abstractions\01_Abstractions.csproj", "{F286A1A5-FD94-4498-9B07-4CCFA2106530}"
EndProject
Project("{2150E333-8FDC-42A3-9474-1A3956D46DE8}") = "21_what-agents-talk-about", "21_what-agents-talk-about", "{F1600200-0ACA-4582-B6AA-F2AC4896BE3F}"
EndProject
Project("{2150E333-8FDC-42A3-9474-1A3956D46DE8}") = "22_what-agents-talk-about-usage", "22_what-agents-talk-about-usage", "{6303CC3B-FE6C-41FC-A772-B88787AE5623}"
EndProject
Project("{FAE04EC0-301F-11D3-BF4B-00C04F79EFBC}") = "210100_Abstractions", "src\what-agents-talk-about\Abstractions\210100_Abstractions.csproj", "{690DF70F-F1F4-F936-895D-528FBB5E6A83}"
EndProject
Project("{FAE04EC0-301F-11D3-BF4B-00C04F79EFBC}") = "210200_Core", "src\what-agents-talk-about\Core\210200_Core.csproj", "{1825804D-7C55-FAA6-EBA1-0A84A1D5D8A1}"
EndProject
Project("{FAE04EC0-301F-11D3-BF4B-00C04F79EFBC}") = "210300_Shell", "src\what-agents-talk-about\Shell\210300_Shell.csproj", "{EDE4FE65-1AC1-B640-565B-4106A06E68AC}"
EndProject
Project("{2150E333-8FDC-42A3-9474-1A3956D46DE8}") = "03_nested-examples", "03_nested-examples", "{9477AC70-BFF7-431C-B13F-36F147C62A92}"
EndProject
Project("{FAE04EC0-301F-11D3-BF4B-00C04F79EFBC}") = "ClassLibrary", "src\nested-example\ClassLibrary1\ClassLibrary.csproj", "{276C3BD7-3654-44B9-9E19-982803936FA4}"
EndProject
Project("{FAE04EC0-301F-11D3-BF4B-00C04F79EFBC}") = "UsageExample01", "src\what-agents-talk-about-usage\UsageExample01\UsageExample01.csproj", "{A692603B-D1F4-BDEA-9D17-E17F4D71E522}"
EndProject
Project("{2150E333-8FDC-42A3-9474-1A3956D46DE8}") = "31_enterprise-boot-camp-framework-for-generative-AIs", "31_enterprise-boot-camp-framework-for-generative-AIs", "{5F75F586-CEF1-41B8-9CF4-75104E1E2C34}"
EndProject
Project("{2150E333-8FDC-42A3-9474-1A3956D46DE8}") = "prototype20250819", "prototype20250819", "{174C7BCE-5387-4076-8CD0-054E20E04322}"
EndProject
Project("{FAE04EC0-301F-11D3-BF4B-00C04F79EFBC}") = "01_Core.en-US", "src\enterprise-boot-camp-framework-for-generative-AIs\prototype20250819\en-US\01_Core.en-US.csproj", "{9056171D-FF59-477D-B838-02974CEF5678}"
EndProject
Project("{FAE04EC0-301F-11D3-BF4B-00C04F79EFBC}") = "11_Core.ja-JP", "src\enterprise-boot-camp-framework-for-generative-AIs\prototype20250819\ja-JP\11_Core.ja-JP.csproj", "{F6AA1BE9-1310-43E3-8FC2-91928B07C1A1}"
EndProject
Project("{FAE04EC0-301F-11D3-BF4B-00C04F79EFBC}") = "12_GPTGenerated.ja_JP.Phase01", "src\enterprise-boot-camp-framework-for-generative-AIs\prototype20250819\GPTGenerated.ja_JP.Phase01\12_GPTGenerated.ja_JP.Phase01.csproj", "{29133FFF-DB68-4B2A-B96C-F36509578E4B}"
EndProject
Global
	GlobalSection(SolutionConfigurationPlatforms) = preSolution
		Debug|Any CPU = Debug|Any CPU
		Release|Any CPU = Release|Any CPU
	EndGlobalSection
	GlobalSection(ProjectConfigurationPlatforms) = postSolution
		{D4CBEDA7-2BDC-0002-4B1E-201CD3FB8CEE}.Debug|Any CPU.ActiveCfg = Debug|Any CPU
		{D4CBEDA7-2BDC-0002-4B1E-201CD3FB8CEE}.Debug|Any CPU.Build.0 = Debug|Any CPU
		{D4CBEDA7-2BDC-0002-4B1E-201CD3FB8CEE}.Release|Any CPU.ActiveCfg = Release|Any CPU
		{D4CBEDA7-2BDC-0002-4B1E-201CD3FB8CEE}.Release|Any CPU.Build.0 = Release|Any CPU
		{8479F82D-7DFF-096E-B1FB-262A7C21F7F4}.Debug|Any CPU.ActiveCfg = Debug|Any CPU
		{8479F82D-7DFF-096E-B1FB-262A7C21F7F4}.Debug|Any CPU.Build.0 = Debug|Any CPU
		{8479F82D-7DFF-096E-B1FB-262A7C21F7F4}.Release|Any CPU.ActiveCfg = Release|Any CPU
		{8479F82D-7DFF-096E-B1FB-262A7C21F7F4}.Release|Any CPU.Build.0 = Release|Any CPU
		{1AE5A33A-8EEB-599D-9A91-760F458DA10C}.Debug|Any CPU.ActiveCfg = Debug|Any CPU
		{1AE5A33A-8EEB-599D-9A91-760F458DA10C}.Debug|Any CPU.Build.0 = Debug|Any CPU
		{1AE5A33A-8EEB-599D-9A91-760F458DA10C}.Release|Any CPU.ActiveCfg = Release|Any CPU
		{1AE5A33A-8EEB-599D-9A91-760F458DA10C}.Release|Any CPU.Build.0 = Release|Any CPU
		{A217BE26-E9B2-4D6C-9515-C3603CBDB627}.Debug|Any CPU.ActiveCfg = Debug|Any CPU
		{A217BE26-E9B2-4D6C-9515-C3603CBDB627}.Debug|Any CPU.Build.0 = Debug|Any CPU
		{A217BE26-E9B2-4D6C-9515-C3603CBDB627}.Release|Any CPU.ActiveCfg = Release|Any CPU
		{A217BE26-E9B2-4D6C-9515-C3603CBDB627}.Release|Any CPU.Build.0 = Release|Any CPU
		{F625CEB6-8BED-FEC5-47CD-9E0405636E88}.Debug|Any CPU.ActiveCfg = Debug|Any CPU
		{F625CEB6-8BED-FEC5-47CD-9E0405636E88}.Debug|Any CPU.Build.0 = Debug|Any CPU
		{F625CEB6-8BED-FEC5-47CD-9E0405636E88}.Release|Any CPU.ActiveCfg = Release|Any CPU
		{F625CEB6-8BED-FEC5-47CD-9E0405636E88}.Release|Any CPU.Build.0 = Release|Any CPU
		{17F406FF-7163-410D-8A18-3EAE610E87BC}.Debug|Any CPU.ActiveCfg = Debug|Any CPU
		{17F406FF-7163-410D-8A18-3EAE610E87BC}.Debug|Any CPU.Build.0 = Debug|Any CPU
		{17F406FF-7163-410D-8A18-3EAE610E87BC}.Release|Any CPU.ActiveCfg = Release|Any CPU
		{17F406FF-7163-410D-8A18-3EAE610E87BC}.Release|Any CPU.Build.0 = Release|Any CPU
		{F286A1A5-FD94-4498-9B07-4CCFA2106530}.Debug|Any CPU.ActiveCfg = Debug|Any CPU
		{F286A1A5-FD94-4498-9B07-4CCFA2106530}.Debug|Any CPU.Build.0 = Debug|Any CPU
		{F286A1A5-FD94-4498-9B07-4CCFA2106530}.Release|Any CPU.ActiveCfg = Release|Any CPU
		{F286A1A5-FD94-4498-9B07-4CCFA2106530}.Release|Any CPU.Build.0 = Release|Any CPU
		{690DF70F-F1F4-F936-895D-528FBB5E6A83}.Debug|Any CPU.ActiveCfg = Debug|Any CPU
		{690DF70F-F1F4-F936-895D-528FBB5E6A83}.Debug|Any CPU.Build.0 = Debug|Any CPU
		{690DF70F-F1F4-F936-895D-528FBB5E6A83}.Release|Any CPU.ActiveCfg = Release|Any CPU
		{690DF70F-F1F4-F936-895D-528FBB5E6A83}.Release|Any CPU.Build.0 = Release|Any CPU
		{1825804D-7C55-FAA6-EBA1-0A84A1D5D8A1}.Debug|Any CPU.ActiveCfg = Debug|Any CPU
		{1825804D-7C55-FAA6-EBA1-0A84A1D5D8A1}.Debug|Any CPU.Build.0 = Debug|Any CPU
		{1825804D-7C55-FAA6-EBA1-0A84A1D5D8A1}.Release|Any CPU.ActiveCfg = Release|Any CPU
		{1825804D-7C55-FAA6-EBA1-0A84A1D5D8A1}.Release|Any CPU.Build.0 = Release|Any CPU
		{EDE4FE65-1AC1-B640-565B-4106A06E68AC}.Debug|Any CPU.ActiveCfg = Debug|Any CPU
		{EDE4FE65-1AC1-B640-565B-4106A06E68AC}.Debug|Any CPU.Build.0 = Debug|Any CPU
		{EDE4FE65-1AC1-B640-565B-4106A06E68AC}.Release|Any CPU.ActiveCfg = Release|Any CPU
		{EDE4FE65-1AC1-B640-565B-4106A06E68AC}.Release|Any CPU.Build.0 = Release|Any CPU
		{276C3BD7-3654-44B9-9E19-982803936FA4}.Debug|Any CPU.ActiveCfg = Debug|Any CPU
		{276C3BD7-3654-44B9-9E19-982803936FA4}.Debug|Any CPU.Build.0 = Debug|Any CPU
		{276C3BD7-3654-44B9-9E19-982803936FA4}.Release|Any CPU.ActiveCfg = Release|Any CPU
		{276C3BD7-3654-44B9-9E19-982803936FA4}.Release|Any CPU.Build.0 = Release|Any CPU
		{A692603B-D1F4-BDEA-9D17-E17F4D71E522}.Debug|Any CPU.ActiveCfg = Debug|Any CPU
		{A692603B-D1F4-BDEA-9D17-E17F4D71E522}.Debug|Any CPU.Build.0 = Debug|Any CPU
		{A692603B-D1F4-BDEA-9D17-E17F4D71E522}.Release|Any CPU.ActiveCfg = Release|Any CPU
		{A692603B-D1F4-BDEA-9D17-E17F4D71E522}.Release|Any CPU.Build.0 = Release|Any CPU
		{9056171D-FF59-477D-B838-02974CEF5678}.Debug|Any CPU.ActiveCfg = Debug|Any CPU
		{9056171D-FF59-477D-B838-02974CEF5678}.Debug|Any CPU.Build.0 = Debug|Any CPU
		{9056171D-FF59-477D-B838-02974CEF5678}.Release|Any CPU.ActiveCfg = Release|Any CPU
		{9056171D-FF59-477D-B838-02974CEF5678}.Release|Any CPU.Build.0 = Release|Any CPU
		{F6AA1BE9-1310-43E3-8FC2-91928B07C1A1}.Debug|Any CPU.ActiveCfg = Debug|Any CPU
		{F6AA1BE9-1310-43E3-8FC2-91928B07C1A1}.Debug|Any CPU.Build.0 = Debug|Any CPU
		{F6AA1BE9-1310-43E3-8FC2-91928B07C1A1}.Release|Any CPU.ActiveCfg = Release|Any CPU
		{F6AA1BE9-1310-43E3-8FC2-91928B07C1A1}.Release|Any CPU.Build.0 = Release|Any CPU
		{29133FFF-DB68-4B2A-B96C-F36509578E4B}.Debug|Any CPU.ActiveCfg = Debug|Any CPU
		{29133FFF-DB68-4B2A-B96C-F36509578E4B}.Debug|Any CPU.Build.0 = Debug|Any CPU
		{29133FFF-DB68-4B2A-B96C-F36509578E4B}.Release|Any CPU.ActiveCfg = Release|Any CPU
		{29133FFF-DB68-4B2A-B96C-F36509578E4B}.Release|Any CPU.Build.0 = Release|Any CPU
	EndGlobalSection
	GlobalSection(SolutionProperties) = preSolution
		HideSolutionNode = FALSE
	EndGlobalSection
	GlobalSection(NestedProjects) = preSolution
		{D4CBEDA7-2BDC-0002-4B1E-201CD3FB8CEE} = {DDB4EF12-CC4E-5E88-E6FC-71A802F4DE97}
		{8479F82D-7DFF-096E-B1FB-262A7C21F7F4} = {DDB4EF12-CC4E-5E88-E6FC-71A802F4DE97}
		{1AE5A33A-8EEB-599D-9A91-760F458DA10C} = {DDB4EF12-CC4E-5E88-E6FC-71A802F4DE97}
		{A217BE26-E9B2-4D6C-9515-C3603CBDB627} = {B9875660-A632-4304-A71D-17FDE497AE98}
		{F625CEB6-8BED-FEC5-47CD-9E0405636E88} = {4B2B0653-0608-460E-9458-301DC6DD5D58}
		{17F406FF-7163-410D-8A18-3EAE610E87BC} = {4B2B0653-0608-460E-9458-301DC6DD5D58}
		{F286A1A5-FD94-4498-9B07-4CCFA2106530} = {4B2B0653-0608-460E-9458-301DC6DD5D58}
		{690DF70F-F1F4-F936-895D-528FBB5E6A83} = {F1600200-0ACA-4582-B6AA-F2AC4896BE3F}
		{1825804D-7C55-FAA6-EBA1-0A84A1D5D8A1} = {F1600200-0ACA-4582-B6AA-F2AC4896BE3F}
		{EDE4FE65-1AC1-B640-565B-4106A06E68AC} = {F1600200-0ACA-4582-B6AA-F2AC4896BE3F}
		{276C3BD7-3654-44B9-9E19-982803936FA4} = {9477AC70-BFF7-431C-B13F-36F147C62A92}
		{A692603B-D1F4-BDEA-9D17-E17F4D71E522} = {6303CC3B-FE6C-41FC-A772-B88787AE5623}
		{174C7BCE-5387-4076-8CD0-054E20E04322} = {5F75F586-CEF1-41B8-9CF4-75104E1E2C34}
		{9056171D-FF59-477D-B838-02974CEF5678} = {174C7BCE-5387-4076-8CD0-054E20E04322}
		{F6AA1BE9-1310-43E3-8FC2-91928B07C1A1} = {174C7BCE-5387-4076-8CD0-054E20E04322}
		{29133FFF-DB68-4B2A-B96C-F36509578E4B} = {174C7BCE-5387-4076-8CD0-054E20E04322}
	EndGlobalSection
	GlobalSection(ExtensibilityGlobals) = postSolution
		SolutionGuid = {09699C21-ED43-4667-9AE5-723807C00338}
	EndGlobalSection
EndGlobal
