
Microsoft Visual Studio Solution File, Format Version 12.00
# Visual Studio Version 17
VisualStudioVersion = 17.13.35931.197
MinimumVisualStudioVersion = 10.0.40219.1
Project("{2150E333-8FDC-42A3-9474-1A3956D46DE8}") = "SolutionItems", "SolutionItems", "{2022CB0F-8BAF-F49E-0C48-8EF4C96EC109}"
	ProjectSection(SolutionItems) = preProject
		README.md = README.md
	EndProjectSection
EndProject
Project("{2150E333-8FDC-42A3-9474-1A3956D46DE8}") = "01_task-continuation-probe", "01_task-continuation-probe", "{DDB4EF12-CC4E-5E88-E6FC-71A802F4DE97}"
	ProjectSection(SolutionItems) = preProject
		src\task-continuation-probe\README.ja.md = src\task-continuation-probe\README.ja.md
		src\task-continuation-probe\README.md = src\task-continuation-probe\README.md
	EndProjectSection
EndProject
Project("{FAE04EC0-301F-11D3-BF4B-00C04F79EFBC}") = "0000_Probe", "src\task-continuation-probe\Probe\0000_Probe.csproj", "{D4CBEDA7-2BDC-0002-4B1E-201CD3FB8CEE}"
EndProject
Project("{FAE04EC0-301F-11D3-BF4B-00C04F79EFBC}") = "0010_ConsoleApp_ja_JP", "src\task-continuation-probe\ConsoleApp_ja_JP\0010_ConsoleApp_ja_JP.csproj", "{8479F82D-7DFF-096E-B1FB-262A7C21F7F4}"
EndProject
Project("{FAE04EC0-301F-11D3-BF4B-00C04F79EFBC}") = "0020_ConsoleApp_en_US", "src\task-continuation-probe\ConsoleApp_en_US\0020_ConsoleApp_en_US.csproj", "{1AE5A33A-8EEB-599D-9A91-760F458DA10C}"
EndProject
Project("{2150E333-8FDC-42A3-9474-1A3956D46DE8}") = "03_boostable-syntax", "03_boostable-syntax", "{FA9C32E3-22DF-4FB5-B1A9-6F133DB7AAE8}"
EndProject
Project("{FAE04EC0-301F-11D3-BF4B-00C04F79EFBC}") = "ConsoleApp1", "src\true-fluentaizer\ConsoleApp1\ConsoleApp1.csproj", "{8C6E1595-3C4F-43CB-8DEB-EE5CE152D72B}"
EndProject
Project("{2150E333-8FDC-42A3-9474-1A3956D46DE8}") = "04_Fluentaizer", "04_Fluentaizer", "{63940C6B-8B2E-430A-80A2-855930A58807}"
EndProject
Project("{FAE04EC0-301F-11D3-BF4B-00C04F79EFBC}") = "03_0100_Abstractions", "src\true-fluentaizer\TrueFluentaizer\Abstractions\03_0100_Abstractions.csproj", "{C47392F7-377C-914C-02B3-8AAE72141C18}"
EndProject
Project("{FAE04EC0-301F-11D3-BF4B-00C04F79EFBC}") = "03_0200_Generators", "src\true-fluentaizer\TrueFluentaizer\Generators\03_0200_Generators.csproj", "{EB79CBE3-E52A-3A33-A174-0D3B761AE3A3}"
EndProject
Project("{2150E333-8FDC-42A3-9474-1A3956D46DE8}") = "03_SimplePartial", "03_SimplePartial", "{32EE7BB6-167E-4FF7-B5B3-B44F65200BD1}"
EndProject
Project("{2150E333-8FDC-42A3-9474-1A3956D46DE8}") = "Solution Items", "Solution Items", "{9D783014-796D-4B7F-907C-E102F33D7068}"
EndProject
Project("{2150E333-8FDC-42A3-9474-1A3956D46DE8}") = "01_Core", "01_Core", "{85D1C05C-D2F4-47C0-B72C-BF7CE4577189}"
EndProject
Project("{FAE04EC0-301F-11D3-BF4B-00C04F79EFBC}") = "01_0100_Abstractions", "src\true-fluentaizer\Core\Abstractions\01_0100_Abstractions.csproj", "{BDACFDD7-CEBA-95C5-BA26-E56381E7F950}"
EndProject
Project("{FAE04EC0-301F-11D3-BF4B-00C04F79EFBC}") = "01_0200_BaseImpl", "src\true-fluentaizer\Core\Impl\01_0200_BaseImpl.csproj", "{E38401AF-7916-4BE7-A64C-25612FF54112}"
EndProject
Project("{FAE04EC0-301F-11D3-BF4B-00C04F79EFBC}") = "02_0100_Abstractions", "src\true-fluentaizer\SimplePartial\Abstractions\02_0100_Abstractions.csproj", "{EC56B72D-EA9B-6613-40FB-54DEC1462F26}"
EndProject
Project("{FAE04EC0-301F-11D3-BF4B-00C04F79EFBC}") = "02_0300_AnalyzerBase", "src\true-fluentaizer\SimplePartial\AnalyzerBase\02_0300_AnalyzerBase.csproj", "{E8FE41DC-3272-9474-D4E7-AF1D82E2A175}"
EndProject
Project("{FAE04EC0-301F-11D3-BF4B-00C04F79EFBC}") = "02_0600_Genalyzer", "src\true-fluentaizer\SimplePartial\Genalyzer\02_0600_Genalyzer.csproj", "{826E6459-C50F-0F3F-DE08-FCF5E690D2A4}"
EndProject
Project("{FAE04EC0-301F-11D3-BF4B-00C04F79EFBC}") = "02_0500_GenalyzerBase", "src\true-fluentaizer\SimplePartial\GenalyzerBase\02_0500_GenalyzerBase.csproj", "{73600EEE-A053-2FE8-C88E-8C6C0F2386F8}"
EndProject
Project("{FAE04EC0-301F-11D3-BF4B-00C04F79EFBC}") = "02_0400_Generator", "src\true-fluentaizer\SimplePartial\Generator\02_0400_Generator.csproj", "{48696EE9-CABA-65B2-847B-08C29726544E}"
EndProject
Project("{FAE04EC0-301F-11D3-BF4B-00C04F79EFBC}") = "02_9100_UnitTests", "src\true-fluentaizer\SimplePartial\UnitTests\02_9100_UnitTests.csproj", "{DF1D769C-7580-1EDA-F5F0-7FC6C33DD255}"
EndProject
Project("{FAE04EC0-301F-11D3-BF4B-00C04F79EFBC}") = "02_0200_Utils", "src\true-fluentaizer\SimplePartial\Utils\02_0200_Utils.csproj", "{EEF5AD3C-5D60-E4B9-C885-250C9862C85C}"
EndProject
Project("{2150E333-8FDC-42A3-9474-1A3956D46DE8}") = "02_boostable-code-builder", "02_boostable-code-builder", "{2018AF37-884D-45D3-84A8-E30EF4371B17}"
EndProject
Project("{FAE04EC0-301F-11D3-BF4B-00C04F79EFBC}") = "0100_Abstractions", "src\code-builder\Abstractions\0100_Abstractions.csproj", "{986D2FD1-507E-7357-1F64-5E5FA3EB0279}"
EndProject
Project("{FAE04EC0-301F-11D3-BF4B-00C04F79EFBC}") = "8000_E2ETests", "8000_E2ETests\8000_E2ETests.csproj", "{A34B04A9-40B1-4919-8DDC-E7C5CF74206C}"
EndProject
Global
	GlobalSection(SolutionConfigurationPlatforms) = preSolution
		Debug|Any CPU = Debug|Any CPU
		Release|Any CPU = Release|Any CPU
	EndGlobalSection
	GlobalSection(ProjectConfigurationPlatforms) = postSolution
		{D4CBEDA7-2BDC-0002-4B1E-201CD3FB8CEE}.Debug|Any CPU.ActiveCfg = Debug|Any CPU
		{D4CBEDA7-2BDC-0002-4B1E-201CD3FB8CEE}.Debug|Any CPU.Build.0 = Debug|Any CPU
		{D4CBEDA7-2BDC-0002-4B1E-201CD3FB8CEE}.Release|Any CPU.ActiveCfg = Release|Any CPU
		{D4CBEDA7-2BDC-0002-4B1E-201CD3FB8CEE}.Release|Any CPU.Build.0 = Release|Any CPU
		{8479F82D-7DFF-096E-B1FB-262A7C21F7F4}.Debug|Any CPU.ActiveCfg = Debug|Any CPU
		{8479F82D-7DFF-096E-B1FB-262A7C21F7F4}.Debug|Any CPU.Build.0 = Debug|Any CPU
		{8479F82D-7DFF-096E-B1FB-262A7C21F7F4}.Release|Any CPU.ActiveCfg = Release|Any CPU
		{8479F82D-7DFF-096E-B1FB-262A7C21F7F4}.Release|Any CPU.Build.0 = Release|Any CPU
		{1AE5A33A-8EEB-599D-9A91-760F458DA10C}.Debug|Any CPU.ActiveCfg = Debug|Any CPU
		{1AE5A33A-8EEB-599D-9A91-760F458DA10C}.Debug|Any CPU.Build.0 = Debug|Any CPU
		{1AE5A33A-8EEB-599D-9A91-760F458DA10C}.Release|Any CPU.ActiveCfg = Release|Any CPU
		{1AE5A33A-8EEB-599D-9A91-760F458DA10C}.Release|Any CPU.Build.0 = Release|Any CPU
		{8C6E1595-3C4F-43CB-8DEB-EE5CE152D72B}.Debug|Any CPU.ActiveCfg = Debug|Any CPU
		{8C6E1595-3C4F-43CB-8DEB-EE5CE152D72B}.Debug|Any CPU.Build.0 = Debug|Any CPU
		{8C6E1595-3C4F-43CB-8DEB-EE5CE152D72B}.Release|Any CPU.ActiveCfg = Release|Any CPU
		{8C6E1595-3C4F-43CB-8DEB-EE5CE152D72B}.Release|Any CPU.Build.0 = Release|Any CPU
		{C47392F7-377C-914C-02B3-8AAE72141C18}.Debug|Any CPU.ActiveCfg = Debug|Any CPU
		{C47392F7-377C-914C-02B3-8AAE72141C18}.Debug|Any CPU.Build.0 = Debug|Any CPU
		{C47392F7-377C-914C-02B3-8AAE72141C18}.Release|Any CPU.ActiveCfg = Release|Any CPU
		{C47392F7-377C-914C-02B3-8AAE72141C18}.Release|Any CPU.Build.0 = Release|Any CPU
		{EB79CBE3-E52A-3A33-A174-0D3B761AE3A3}.Debug|Any CPU.ActiveCfg = Debug|Any CPU
		{EB79CBE3-E52A-3A33-A174-0D3B761AE3A3}.Debug|Any CPU.Build.0 = Debug|Any CPU
		{EB79CBE3-E52A-3A33-A174-0D3B761AE3A3}.Release|Any CPU.ActiveCfg = Release|Any CPU
		{EB79CBE3-E52A-3A33-A174-0D3B761AE3A3}.Release|Any CPU.Build.0 = Release|Any CPU
		{BDACFDD7-CEBA-95C5-BA26-E56381E7F950}.Debug|Any CPU.ActiveCfg = Debug|Any CPU
		{BDACFDD7-CEBA-95C5-BA26-E56381E7F950}.Debug|Any CPU.Build.0 = Debug|Any CPU
		{BDACFDD7-CEBA-95C5-BA26-E56381E7F950}.Release|Any CPU.ActiveCfg = Release|Any CPU
		{BDACFDD7-CEBA-95C5-BA26-E56381E7F950}.Release|Any CPU.Build.0 = Release|Any CPU
		{E38401AF-7916-4BE7-A64C-25612FF54112}.Debug|Any CPU.ActiveCfg = Debug|Any CPU
		{E38401AF-7916-4BE7-A64C-25612FF54112}.Debug|Any CPU.Build.0 = Debug|Any CPU
		{E38401AF-7916-4BE7-A64C-25612FF54112}.Release|Any CPU.ActiveCfg = Release|Any CPU
		{E38401AF-7916-4BE7-A64C-25612FF54112}.Release|Any CPU.Build.0 = Release|Any CPU
		{EC56B72D-EA9B-6613-40FB-54DEC1462F26}.Debug|Any CPU.ActiveCfg = Debug|Any CPU
		{EC56B72D-EA9B-6613-40FB-54DEC1462F26}.Debug|Any CPU.Build.0 = Debug|Any CPU
		{EC56B72D-EA9B-6613-40FB-54DEC1462F26}.Release|Any CPU.ActiveCfg = Release|Any CPU
		{EC56B72D-EA9B-6613-40FB-54DEC1462F26}.Release|Any CPU.Build.0 = Release|Any CPU
		{E8FE41DC-3272-9474-D4E7-AF1D82E2A175}.Debug|Any CPU.ActiveCfg = Debug|Any CPU
		{E8FE41DC-3272-9474-D4E7-AF1D82E2A175}.Debug|Any CPU.Build.0 = Debug|Any CPU
		{E8FE41DC-3272-9474-D4E7-AF1D82E2A175}.Release|Any CPU.ActiveCfg = Release|Any CPU
		{E8FE41DC-3272-9474-D4E7-AF1D82E2A175}.Release|Any CPU.Build.0 = Release|Any CPU
		{826E6459-C50F-0F3F-DE08-FCF5E690D2A4}.Debug|Any CPU.ActiveCfg = Debug|Any CPU
		{826E6459-C50F-0F3F-DE08-FCF5E690D2A4}.Debug|Any CPU.Build.0 = Debug|Any CPU
		{826E6459-C50F-0F3F-DE08-FCF5E690D2A4}.Release|Any CPU.ActiveCfg = Release|Any CPU
		{826E6459-C50F-0F3F-DE08-FCF5E690D2A4}.Release|Any CPU.Build.0 = Release|Any CPU
		{73600EEE-A053-2FE8-C88E-8C6C0F2386F8}.Debug|Any CPU.ActiveCfg = Debug|Any CPU
		{73600EEE-A053-2FE8-C88E-8C6C0F2386F8}.Debug|Any CPU.Build.0 = Debug|Any CPU
		{73600EEE-A053-2FE8-C88E-8C6C0F2386F8}.Release|Any CPU.ActiveCfg = Release|Any CPU
		{73600EEE-A053-2FE8-C88E-8C6C0F2386F8}.Release|Any CPU.Build.0 = Release|Any CPU
		{48696EE9-CABA-65B2-847B-08C29726544E}.Debug|Any CPU.ActiveCfg = Debug|Any CPU
		{48696EE9-CABA-65B2-847B-08C29726544E}.Debug|Any CPU.Build.0 = Debug|Any CPU
		{48696EE9-CABA-65B2-847B-08C29726544E}.Release|Any CPU.ActiveCfg = Release|Any CPU
		{48696EE9-CABA-65B2-847B-08C29726544E}.Release|Any CPU.Build.0 = Release|Any CPU
		{DF1D769C-7580-1EDA-F5F0-7FC6C33DD255}.Debug|Any CPU.ActiveCfg = Debug|Any CPU
		{DF1D769C-7580-1EDA-F5F0-7FC6C33DD255}.Debug|Any CPU.Build.0 = Debug|Any CPU
		{DF1D769C-7580-1EDA-F5F0-7FC6C33DD255}.Release|Any CPU.ActiveCfg = Release|Any CPU
		{DF1D769C-7580-1EDA-F5F0-7FC6C33DD255}.Release|Any CPU.Build.0 = Release|Any CPU
		{EEF5AD3C-5D60-E4B9-C885-250C9862C85C}.Debug|Any CPU.ActiveCfg = Debug|Any CPU
		{EEF5AD3C-5D60-E4B9-C885-250C9862C85C}.Debug|Any CPU.Build.0 = Debug|Any CPU
		{EEF5AD3C-5D60-E4B9-C885-250C9862C85C}.Release|Any CPU.ActiveCfg = Release|Any CPU
		{EEF5AD3C-5D60-E4B9-C885-250C9862C85C}.Release|Any CPU.Build.0 = Release|Any CPU
		{986D2FD1-507E-7357-1F64-5E5FA3EB0279}.Debug|Any CPU.ActiveCfg = Debug|Any CPU
		{986D2FD1-507E-7357-1F64-5E5FA3EB0279}.Debug|Any CPU.Build.0 = Debug|Any CPU
		{986D2FD1-507E-7357-1F64-5E5FA3EB0279}.Release|Any CPU.ActiveCfg = Release|Any CPU
		{986D2FD1-507E-7357-1F64-5E5FA3EB0279}.Release|Any CPU.Build.0 = Release|Any CPU
		{A34B04A9-40B1-4919-8DDC-E7C5CF74206C}.Debug|Any CPU.ActiveCfg = Debug|Any CPU
		{A34B04A9-40B1-4919-8DDC-E7C5CF74206C}.Debug|Any CPU.Build.0 = Debug|Any CPU
		{A34B04A9-40B1-4919-8DDC-E7C5CF74206C}.Release|Any CPU.ActiveCfg = Release|Any CPU
		{A34B04A9-40B1-4919-8DDC-E7C5CF74206C}.Release|Any CPU.Build.0 = Release|Any CPU
	EndGlobalSection
	GlobalSection(SolutionProperties) = preSolution
		HideSolutionNode = FALSE
	EndGlobalSection
	GlobalSection(NestedProjects) = preSolution
		{D4CBEDA7-2BDC-0002-4B1E-201CD3FB8CEE} = {DDB4EF12-CC4E-5E88-E6FC-71A802F4DE97}
		{8479F82D-7DFF-096E-B1FB-262A7C21F7F4} = {DDB4EF12-CC4E-5E88-E6FC-71A802F4DE97}
		{1AE5A33A-8EEB-599D-9A91-760F458DA10C} = {DDB4EF12-CC4E-5E88-E6FC-71A802F4DE97}
		{8C6E1595-3C4F-43CB-8DEB-EE5CE152D72B} = {FA9C32E3-22DF-4FB5-B1A9-6F133DB7AAE8}
		{63940C6B-8B2E-430A-80A2-855930A58807} = {FA9C32E3-22DF-4FB5-B1A9-6F133DB7AAE8}
		{C47392F7-377C-914C-02B3-8AAE72141C18} = {63940C6B-8B2E-430A-80A2-855930A58807}
		{EB79CBE3-E52A-3A33-A174-0D3B761AE3A3} = {63940C6B-8B2E-430A-80A2-855930A58807}
		{32EE7BB6-167E-4FF7-B5B3-B44F65200BD1} = {FA9C32E3-22DF-4FB5-B1A9-6F133DB7AAE8}
		{85D1C05C-D2F4-47C0-B72C-BF7CE4577189} = {FA9C32E3-22DF-4FB5-B1A9-6F133DB7AAE8}
		{BDACFDD7-CEBA-95C5-BA26-E56381E7F950} = {85D1C05C-D2F4-47C0-B72C-BF7CE4577189}
		{E38401AF-7916-4BE7-A64C-25612FF54112} = {85D1C05C-D2F4-47C0-B72C-BF7CE4577189}
		{EC56B72D-EA9B-6613-40FB-54DEC1462F26} = {32EE7BB6-167E-4FF7-B5B3-B44F65200BD1}
		{E8FE41DC-3272-9474-D4E7-AF1D82E2A175} = {32EE7BB6-167E-4FF7-B5B3-B44F65200BD1}
		{826E6459-C50F-0F3F-DE08-FCF5E690D2A4} = {32EE7BB6-167E-4FF7-B5B3-B44F65200BD1}
		{73600EEE-A053-2FE8-C88E-8C6C0F2386F8} = {32EE7BB6-167E-4FF7-B5B3-B44F65200BD1}
		{48696EE9-CABA-65B2-847B-08C29726544E} = {32EE7BB6-167E-4FF7-B5B3-B44F65200BD1}
		{DF1D769C-7580-1EDA-F5F0-7FC6C33DD255} = {32EE7BB6-167E-4FF7-B5B3-B44F65200BD1}
		{EEF5AD3C-5D60-E4B9-C885-250C9862C85C} = {32EE7BB6-167E-4FF7-B5B3-B44F65200BD1}
		{986D2FD1-507E-7357-1F64-5E5FA3EB0279} = {2018AF37-884D-45D3-84A8-E30EF4371B17}
		{A34B04A9-40B1-4919-8DDC-E7C5CF74206C} = {2018AF37-884D-45D3-84A8-E30EF4371B17}
	EndGlobalSection
	GlobalSection(ExtensibilityGlobals) = postSolution
		SolutionGuid = {09699C21-ED43-4667-9AE5-723807C00338}
	EndGlobalSection
EndGlobal
